{
  "lockfile-version": 0,
  "manifest": {
    "hook": {},
    "install": {
      "bat": {
        "path": "bat"
      },
      "bottom": {
        "path": "bottom"
      },
      "deno": {
        "path": "deno"
      },
      "eza": {
        "path": "eza"
      },
      "gcc-unwrapped": {
        "path": "gcc-unwrapped"
      },
      "go": {
        "path": "go"
      },
      "golangci-lint": {
        "path": "golangci-lint"
      },
      "just": {
        "path": "just"
      },
      "lazygit": {
        "path": "lazygit"
      },
      "neovim": {
        "path": "neovim"
      },
      "nodejs_20": {
        "path": "nodejs_20"
      },
      "pre-commit": {
        "path": "pre-commit"
      },
      "pyenv": {
        "path": "pyenv"
      },
      "starship": {
        "path": "starship"
      },
      "tk": {
        "path": "tk"
      },
      "virtualenv": {
        "path": "virtualenv"
      },
      "yamlfmt": {
        "path": "yamlfmt"
      },
      "zellij": {
        "path": "zellij"
      }
    },
    "options": {
      "systems": [
        "x86_64-linux"
      ]
    },
    "registry": {
      "defaults": {
        "subtrees": null
      },
      "inputs": {
        "nixpkgs": {
          "from": {
            "owner": "NixOS",
            "ref": "release-23.11",
            "repo": "nixpkgs",
            "type": "github"
          },
          "subtrees": [
            "legacyPackages"
          ]
        }
      },
      "priority": [
        "nixpkgs"
      ]
    },
    "vars": {
      "EDITOR": "nvim",
      "VISUAL": "nvim"
    }
  },
  "packages": {
    "x86_64-linux": {
      "bat": {
        "attr-path": [
          "legacyPackages",
          "x86_64-linux",
          "bat"
        ],
        "info": {
          "broken": false,
          "description": "A cat(1) clone with syntax highlighting and Git integration",
          "license": null,
          "pname": "bat",
          "unfree": false,
          "version": "0.24.0"
        },
        "input": {
          "attrs": {
            "lastModified": 1706665097,
            "narHash": "sha256-7u16B7S1OY4xGHBgiq94iSeSRKHmm1j3mxuuDz8tVF8=",
            "owner": "NixOS",
            "repo": "nixpkgs",
            "rev": "b5a5d1ce79f97e18790f2b42e48901e44be08e5b",
            "type": "github"
          },
          "fingerprint": "c8ed8be4b8d941fec25aa1ede353e8c8c9ff19172a8d70b5329c81b0fd9034d8",
          "url": "github:NixOS/nixpkgs/b5a5d1ce79f97e18790f2b42e48901e44be08e5b"
        },
        "priority": 5
      },
      "bottom": {
        "attr-path": [
          "legacyPackages",
          "x86_64-linux",
          "bottom"
        ],
        "info": {
          "broken": false,
          "description": "A cross-platform graphical process/system monitor with a customizable interface",
          "license": "MIT",
          "pname": "bottom",
          "unfree": false,
          "version": "0.9.6"
        },
        "input": {
          "attrs": {
            "lastModified": 1706665097,
            "narHash": "sha256-7u16B7S1OY4xGHBgiq94iSeSRKHmm1j3mxuuDz8tVF8=",
            "owner": "NixOS",
            "repo": "nixpkgs",
            "rev": "b5a5d1ce79f97e18790f2b42e48901e44be08e5b",
            "type": "github"
          },
          "fingerprint": "c8ed8be4b8d941fec25aa1ede353e8c8c9ff19172a8d70b5329c81b0fd9034d8",
          "url": "github:NixOS/nixpkgs/b5a5d1ce79f97e18790f2b42e48901e44be08e5b"
        },
        "priority": 5
      },
      "deno": {
        "attr-path": [
          "legacyPackages",
          "x86_64-linux",
          "deno"
        ],
        "info": {
          "broken": false,
          "description": "A secure runtime for JavaScript and TypeScript",
          "license": "MIT",
          "pname": "deno",
          "unfree": false,
          "version": "1.38.2"
        },
        "input": {
          "attrs": {
            "lastModified": 1706665097,
            "narHash": "sha256-7u16B7S1OY4xGHBgiq94iSeSRKHmm1j3mxuuDz8tVF8=",
            "owner": "NixOS",
            "repo": "nixpkgs",
            "rev": "b5a5d1ce79f97e18790f2b42e48901e44be08e5b",
            "type": "github"
          },
          "fingerprint": "c8ed8be4b8d941fec25aa1ede353e8c8c9ff19172a8d70b5329c81b0fd9034d8",
          "url": "github:NixOS/nixpkgs/b5a5d1ce79f97e18790f2b42e48901e44be08e5b"
        },
        "priority": 5
      },
      "eza": {
        "attr-path": [
          "legacyPackages",
          "x86_64-linux",
          "eza"
        ],
        "info": {
          "broken": false,
          "description": "A modern, maintained replacement for ls",
          "license": "MIT",
          "pname": "eza",
          "unfree": false,
          "version": "0.16.0"
        },
        "input": {
          "attrs": {
            "lastModified": 1706665097,
            "narHash": "sha256-7u16B7S1OY4xGHBgiq94iSeSRKHmm1j3mxuuDz8tVF8=",
            "owner": "NixOS",
            "repo": "nixpkgs",
            "rev": "b5a5d1ce79f97e18790f2b42e48901e44be08e5b",
            "type": "github"
          },
          "fingerprint": "c8ed8be4b8d941fec25aa1ede353e8c8c9ff19172a8d70b5329c81b0fd9034d8",
          "url": "github:NixOS/nixpkgs/b5a5d1ce79f97e18790f2b42e48901e44be08e5b"
        },
        "priority": 5
      },
      "gcc-unwrapped": {
        "attr-path": [
          "legacyPackages",
          "x86_64-linux",
          "gcc-unwrapped"
        ],
        "info": {
          "broken": false,
          "description": "GNU Compiler Collection, version 12.3.0",
          "license": "GPL-3.0-or-later",
          "pname": "gcc",
          "unfree": false,
          "version": "12.3.0"
        },
        "input": {
          "attrs": {
            "lastModified": 1706665097,
            "narHash": "sha256-7u16B7S1OY4xGHBgiq94iSeSRKHmm1j3mxuuDz8tVF8=",
            "owner": "NixOS",
            "repo": "nixpkgs",
            "rev": "b5a5d1ce79f97e18790f2b42e48901e44be08e5b",
            "type": "github"
          },
          "fingerprint": "c8ed8be4b8d941fec25aa1ede353e8c8c9ff19172a8d70b5329c81b0fd9034d8",
          "url": "github:NixOS/nixpkgs/b5a5d1ce79f97e18790f2b42e48901e44be08e5b"
        },
        "priority": 5
      },
      "go": {
        "attr-path": [
          "legacyPackages",
          "x86_64-linux",
          "go"
        ],
        "info": {
          "broken": false,
          "description": "The Go Programming language",
          "license": "BSD-3-Clause",
          "pname": "go",
          "unfree": false,
          "version": "1.21.5"
        },
        "input": {
          "attrs": {
            "lastModified": 1706665097,
            "narHash": "sha256-7u16B7S1OY4xGHBgiq94iSeSRKHmm1j3mxuuDz8tVF8=",
            "owner": "NixOS",
            "repo": "nixpkgs",
            "rev": "b5a5d1ce79f97e18790f2b42e48901e44be08e5b",
            "type": "github"
          },
          "fingerprint": "c8ed8be4b8d941fec25aa1ede353e8c8c9ff19172a8d70b5329c81b0fd9034d8",
          "url": "github:NixOS/nixpkgs/b5a5d1ce79f97e18790f2b42e48901e44be08e5b"
        },
        "priority": 5
      },
      "golangci-lint": {
        "attr-path": [
          "legacyPackages",
          "x86_64-linux",
          "golangci-lint"
        ],
        "info": {
          "broken": false,
          "description": "Fast linters Runner for Go",
          "license": "GPL-3.0-or-later",
          "pname": "golangci-lint",
          "unfree": false,
          "version": "1.55.2"
        },
        "input": {
          "attrs": {
            "lastModified": 1706665097,
            "narHash": "sha256-7u16B7S1OY4xGHBgiq94iSeSRKHmm1j3mxuuDz8tVF8=",
            "owner": "NixOS",
            "repo": "nixpkgs",
            "rev": "b5a5d1ce79f97e18790f2b42e48901e44be08e5b",
            "type": "github"
          },
          "fingerprint": "c8ed8be4b8d941fec25aa1ede353e8c8c9ff19172a8d70b5329c81b0fd9034d8",
          "url": "github:NixOS/nixpkgs/b5a5d1ce79f97e18790f2b42e48901e44be08e5b"
        },
        "priority": 5
      },
      "just": {
        "attr-path": [
          "legacyPackages",
          "x86_64-linux",
          "just"
        ],
        "info": {
          "broken": false,
          "description": "A handy way to save and run project-specific commands",
          "license": "CC0-1.0",
          "pname": "just",
          "unfree": false,
          "version": "1.23.0"
        },
        "input": {
          "attrs": {
            "lastModified": 1706665097,
            "narHash": "sha256-7u16B7S1OY4xGHBgiq94iSeSRKHmm1j3mxuuDz8tVF8=",
            "owner": "NixOS",
            "repo": "nixpkgs",
            "rev": "b5a5d1ce79f97e18790f2b42e48901e44be08e5b",
            "type": "github"
          },
          "fingerprint": "c8ed8be4b8d941fec25aa1ede353e8c8c9ff19172a8d70b5329c81b0fd9034d8",
          "url": "github:NixOS/nixpkgs/b5a5d1ce79f97e18790f2b42e48901e44be08e5b"
        },
        "priority": 5
      },
      "lazygit": {
        "attr-path": [
          "legacyPackages",
          "x86_64-linux",
          "lazygit"
        ],
        "info": {
          "broken": false,
          "description": "Simple terminal UI for git commands",
          "license": "MIT",
          "pname": "lazygit",
          "unfree": false,
          "version": "0.40.2"
        },
        "input": {
          "attrs": {
            "lastModified": 1706665097,
            "narHash": "sha256-7u16B7S1OY4xGHBgiq94iSeSRKHmm1j3mxuuDz8tVF8=",
            "owner": "NixOS",
            "repo": "nixpkgs",
            "rev": "b5a5d1ce79f97e18790f2b42e48901e44be08e5b",
            "type": "github"
          },
          "fingerprint": "c8ed8be4b8d941fec25aa1ede353e8c8c9ff19172a8d70b5329c81b0fd9034d8",
          "url": "github:NixOS/nixpkgs/b5a5d1ce79f97e18790f2b42e48901e44be08e5b"
        },
        "priority": 5
      },
      "neovim": {
        "attr-path": [
          "legacyPackages",
          "x86_64-linux",
          "neovim"
        ],
        "info": {
          "broken": false,
          "description": "Vim text editor fork focused on extensibility and agility",
          "license": null,
          "pname": "neovim",
          "unfree": false,
          "version": "0.9.4"
        },
        "input": {
          "attrs": {
            "lastModified": 1706665097,
            "narHash": "sha256-7u16B7S1OY4xGHBgiq94iSeSRKHmm1j3mxuuDz8tVF8=",
            "owner": "NixOS",
            "repo": "nixpkgs",
            "rev": "b5a5d1ce79f97e18790f2b42e48901e44be08e5b",
            "type": "github"
          },
          "fingerprint": "c8ed8be4b8d941fec25aa1ede353e8c8c9ff19172a8d70b5329c81b0fd9034d8",
          "url": "github:NixOS/nixpkgs/b5a5d1ce79f97e18790f2b42e48901e44be08e5b"
        },
        "priority": 5
      },
      "nodejs_20": {
        "attr-path": [
          "legacyPackages",
          "x86_64-linux",
          "nodejs_20"
        ],
        "info": {
          "broken": false,
          "description": "Event-driven I/O framework for the V8 JavaScript engine",
          "license": "MIT",
          "pname": "nodejs",
          "unfree": false,
          "version": "20.9.0"
        },
        "input": {
          "attrs": {
            "lastModified": 1706665097,
            "narHash": "sha256-7u16B7S1OY4xGHBgiq94iSeSRKHmm1j3mxuuDz8tVF8=",
            "owner": "NixOS",
            "repo": "nixpkgs",
            "rev": "b5a5d1ce79f97e18790f2b42e48901e44be08e5b",
            "type": "github"
          },
          "fingerprint": "c8ed8be4b8d941fec25aa1ede353e8c8c9ff19172a8d70b5329c81b0fd9034d8",
          "url": "github:NixOS/nixpkgs/b5a5d1ce79f97e18790f2b42e48901e44be08e5b"
        },
        "priority": 5
      },
      "pre-commit": {
        "attr-path": [
          "legacyPackages",
          "x86_64-linux",
          "pre-commit"
        ],
        "info": {
          "broken": false,
          "description": "A framework for managing and maintaining multi-language pre-commit hooks",
          "license": "MIT",
          "pname": "pre-commit",
          "unfree": false,
          "version": "3.3.3"
        },
        "input": {
          "attrs": {
            "lastModified": 1706665097,
            "narHash": "sha256-7u16B7S1OY4xGHBgiq94iSeSRKHmm1j3mxuuDz8tVF8=",
            "owner": "NixOS",
            "repo": "nixpkgs",
            "rev": "b5a5d1ce79f97e18790f2b42e48901e44be08e5b",
            "type": "github"
          },
          "fingerprint": "c8ed8be4b8d941fec25aa1ede353e8c8c9ff19172a8d70b5329c81b0fd9034d8",
          "url": "github:NixOS/nixpkgs/b5a5d1ce79f97e18790f2b42e48901e44be08e5b"
        },
        "priority": 5
      },
      "pyenv": {
        "attr-path": [
          "legacyPackages",
          "x86_64-linux",
          "pyenv"
        ],
        "info": {
          "broken": false,
          "description": "Simple Python version management",
          "license": "MIT",
          "pname": "pyenv",
          "unfree": false,
          "version": "2.3.32"
        },
        "input": {
          "attrs": {
            "lastModified": 1706665097,
            "narHash": "sha256-7u16B7S1OY4xGHBgiq94iSeSRKHmm1j3mxuuDz8tVF8=",
            "owner": "NixOS",
            "repo": "nixpkgs",
            "rev": "b5a5d1ce79f97e18790f2b42e48901e44be08e5b",
            "type": "github"
          },
          "fingerprint": "c8ed8be4b8d941fec25aa1ede353e8c8c9ff19172a8d70b5329c81b0fd9034d8",
          "url": "github:NixOS/nixpkgs/b5a5d1ce79f97e18790f2b42e48901e44be08e5b"
        },
        "priority": 5
      },
      "starship": {
        "attr-path": [
          "legacyPackages",
          "x86_64-linux",
          "starship"
        ],
        "info": {
          "broken": false,
          "description": "A minimal, blazing fast, and extremely customizable prompt for any shell",
          "license": "ISC",
          "pname": "starship",
          "unfree": false,
          "version": "1.17.1"
        },
        "input": {
          "attrs": {
            "lastModified": 1706665097,
            "narHash": "sha256-7u16B7S1OY4xGHBgiq94iSeSRKHmm1j3mxuuDz8tVF8=",
            "owner": "NixOS",
            "repo": "nixpkgs",
            "rev": "b5a5d1ce79f97e18790f2b42e48901e44be08e5b",
            "type": "github"
          },
          "fingerprint": "c8ed8be4b8d941fec25aa1ede353e8c8c9ff19172a8d70b5329c81b0fd9034d8",
          "url": "github:NixOS/nixpkgs/b5a5d1ce79f97e18790f2b42e48901e44be08e5b"
        },
        "priority": 5
      },
      "tk": {
        "attr-path": [
          "legacyPackages",
          "x86_64-linux",
          "tk"
        ],
        "info": {
          "broken": false,
          "description": "A widget toolkit that provides a library of basic elements for building a GUI in many different programming languages",
          "license": "TCL",
          "pname": "tk",
          "unfree": false,
          "version": "8.6.13"
        },
        "input": {
          "attrs": {
            "lastModified": 1706665097,
            "narHash": "sha256-7u16B7S1OY4xGHBgiq94iSeSRKHmm1j3mxuuDz8tVF8=",
            "owner": "NixOS",
            "repo": "nixpkgs",
            "rev": "b5a5d1ce79f97e18790f2b42e48901e44be08e5b",
            "type": "github"
          },
          "fingerprint": "c8ed8be4b8d941fec25aa1ede353e8c8c9ff19172a8d70b5329c81b0fd9034d8",
          "url": "github:NixOS/nixpkgs/b5a5d1ce79f97e18790f2b42e48901e44be08e5b"
        },
        "priority": 5
      },
      "virtualenv": {
        "attr-path": [
          "legacyPackages",
          "x86_64-linux",
          "virtualenv"
        ],
        "info": {
          "broken": false,
          "description": "A tool to create isolated Python environments",
          "license": "MIT",
          "pname": "virtualenv",
          "unfree": false,
          "version": "20.24.5"
        },
        "input": {
          "attrs": {
            "lastModified": 1706665097,
            "narHash": "sha256-7u16B7S1OY4xGHBgiq94iSeSRKHmm1j3mxuuDz8tVF8=",
            "owner": "NixOS",
            "repo": "nixpkgs",
            "rev": "b5a5d1ce79f97e18790f2b42e48901e44be08e5b",
            "type": "github"
          },
          "fingerprint": "c8ed8be4b8d941fec25aa1ede353e8c8c9ff19172a8d70b5329c81b0fd9034d8",
          "url": "github:NixOS/nixpkgs/b5a5d1ce79f97e18790f2b42e48901e44be08e5b"
        },
        "priority": 5
      },
      "yamlfmt": {
        "attr-path": [
          "legacyPackages",
          "x86_64-linux",
          "yamlfmt"
        ],
        "info": {
          "broken": false,
          "description": "An extensible command line tool or library to format yaml files.",
          "license": "Apache-2.0",
          "pname": "yamlfmt",
          "unfree": false,
          "version": "0.10.0"
        },
        "input": {
          "attrs": {
            "lastModified": 1706665097,
            "narHash": "sha256-7u16B7S1OY4xGHBgiq94iSeSRKHmm1j3mxuuDz8tVF8=",
            "owner": "NixOS",
            "repo": "nixpkgs",
            "rev": "b5a5d1ce79f97e18790f2b42e48901e44be08e5b",
            "type": "github"
          },
          "fingerprint": "c8ed8be4b8d941fec25aa1ede353e8c8c9ff19172a8d70b5329c81b0fd9034d8",
          "url": "github:NixOS/nixpkgs/b5a5d1ce79f97e18790f2b42e48901e44be08e5b"
        },
        "priority": 5
      },
      "zellij": {
        "attr-path": [
          "legacyPackages",
          "x86_64-linux",
          "zellij"
        ],
        "info": {
          "broken": false,
          "description": "A terminal workspace with batteries included",
          "license": null,
          "pname": "zellij",
          "unfree": false,
          "version": "0.39.2"
        },
        "input": {
          "attrs": {
            "lastModified": 1706665097,
            "narHash": "sha256-7u16B7S1OY4xGHBgiq94iSeSRKHmm1j3mxuuDz8tVF8=",
            "owner": "NixOS",
            "repo": "nixpkgs",
            "rev": "b5a5d1ce79f97e18790f2b42e48901e44be08e5b",
            "type": "github"
          },
          "fingerprint": "c8ed8be4b8d941fec25aa1ede353e8c8c9ff19172a8d70b5329c81b0fd9034d8",
          "url": "github:NixOS/nixpkgs/b5a5d1ce79f97e18790f2b42e48901e44be08e5b"
        },
        "priority": 5
      }
    }
  },
  "registry": {
    "defaults": {
      "subtrees": null
    },
    "inputs": {
      "nixpkgs": {
        "from": {
          "lastModified": 1706665097,
          "narHash": "sha256-7u16B7S1OY4xGHBgiq94iSeSRKHmm1j3mxuuDz8tVF8=",
          "owner": "NixOS",
          "repo": "nixpkgs",
          "rev": "b5a5d1ce79f97e18790f2b42e48901e44be08e5b",
          "type": "github"
        },
        "subtrees": [
          "legacyPackages"
        ]
      }
    },
    "priority": [
      "nixpkgs"
    ]
  }
}